<?xml version="1.0" encoding="utf-8"?>
<Project ToolsVersion="4.0" xmlns="http://schemas.microsoft.com/developer/msbuild/2003">
  <ItemGroup>
    <Filter Include="Source Files">
      <UniqueIdentifier>{7a5b64f4-bda9-45c9-9fc7-07d44c25aef7}</UniqueIdentifier>
      <Extensions>cpp;c;cxx;rc;def;r;odl;hpj;bat;for;f90</Extensions>
    </Filter>
    <Filter Include="Header Files">
      <UniqueIdentifier>{4cab5d98-bf5f-492b-b62f-81228ecac10b}</UniqueIdentifier>
      <Extensions>h;hpp;hxx;hm;inl;fi;fd</Extensions>
    </Filter>
    <Filter Include="Resource Files">
      <UniqueIdentifier>{1f1c65a3-ac5b-4425-bd66-3a1ca234cab2}</UniqueIdentifier>
      <Extensions>ico;cur;bmp;dlg;rc2;rct;bin;cnt;rtf;gif;jpg;jpeg;jpe</Extensions>
    </Filter>
  </ItemGroup>
  <ItemGroup>
    <ClCompile Include="CMLP.cpp">
      <Filter>Source Files</Filter>
    </ClCompile>
    <ClCompile Include="CProjectile.cpp">
      <Filter>Source Files</Filter>
    </ClCompile>
    <ClCompile Include="CTank.cpp">
      <Filter>Source Files</Filter>
    </ClCompile>
    <ClCompile Include="CWorld.cpp">
      <Filter>Source Files</Filter>
    </ClCompile>
    <ClCompile Include="MainFrm.cpp">
      <Filter>Source Files</Filter>
    </ClCompile>
    <ClCompile Include="StdAfx.cpp">
      <Filter>Source Files</Filter>
    </ClCompile>
    <ClCompile Include="Tanks.cpp">
      <Filter>Source Files</Filter>
    </ClCompile>
    <ClCompile Include="TanksDoc.cpp">
      <Filter>Source Files</Filter>
    </ClCompile>
    <ClCompile Include="TanksView.cpp">
      <Filter>Source Files</Filter>
    </ClCompile>
  </ItemGroup>
  <ItemGroup>
    <ResourceCompile Include="Tanks.rc">
      <Filter>Source Files</Filter>
    </ResourceCompile>
  </ItemGroup>
  <ItemGroup>
    <ClInclude Include="CMLP.h">
      <Filter>Header Files</Filter>
    </ClInclude>
    <ClInclude Include="CProjectile.h">
      <Filter>Header Files</Filter>
    </ClInclude>
    <ClInclude Include="CTank.h">
      <Filter>Header Files</Filter>
    </ClInclude>
    <ClInclude Include="CWorld.h">
      <Filter>Header Files</Filter>
    </ClInclude>
    <ClInclude Include="MainFrm.h">
      <Filter>Header Files</Filter>
    </ClInclude>
    <ClInclude Include="StdAfx.h">
      <Filter>Header Files</Filter>
    </ClInclude>
    <ClInclude Include="Tanks.h">
      <Filter>Header Files</Filter>
    </ClInclude>
    <ClInclude Include="TanksDoc.h">
      <Filter>Header Files</Filter>
    </ClInclude>
    <ClInclude Include="TanksView.h">
      <Filter>Header Files</Filter>
    </ClInclude>
  </ItemGroup>
  <ItemGroup>
    <Image Include="res\Tanks.ico">
      <Filter>Resource Files</Filter>
    </Image>
    <Image Include="res\TanksDoc.ico">
      <Filter>Resource Files</Filter>
    </Image>
  </ItemGroup>
  <ItemGroup>
    <CustomBuild Include="res\Tanks.rc2">
      <Filter>Resource Files</Filter>
    </CustomBuild>
  </ItemGroup>
  <ItemGroup>
    <None Include="TanksReadme.doc">
      <Filter>Source Files</Filter>
    </None>
  </ItemGroup>
</Project>